
Microsoft Visual Studio Solution File, Format Version 12.00
# Visual Studio Version 16
VisualStudioVersion = 16.0.29806.167
MinimumVisualStudioVersion = 10.0.40219.1
Project("{8BC9CEB8-8B4A-11D0-8D11-00A0C91BC942}") = "SFML Tutorial Conditions And Branching", "SFML Tutorial Conditions And Branching\SFML Tutorial Conditions And Branching.vcxproj", "{3776B164-7FAB-40FD-9D6E-F59D2CD54153}"
EndProject
Global
	GlobalSection(SolutionConfigurationPlatforms) = preSolution
		Debug|x64 = Debug|x64
		Debug|x86 = Debug|x86
		Release|x64 = Release|x64
		Release|x86 = Release|x86
	EndGlobalSection
	GlobalSection(ProjectConfigurationPlatforms) = postSolution
		{3776B164-7FAB-40FD-9D6E-F59D2CD54153}.Debug|x64.ActiveCfg = Debug|x64
		{3776B164-7FAB-40FD-9D6E-F59D2CD54153}.Debug|x64.Build.0 = Debug|x64
		{3776B164-7FAB-40FD-9D6E-F59D2CD54153}.Debug|x86.ActiveCfg = Debug|Win32
		{3776B164-7FAB-40FD-9D6E-F59D2CD54153}.Debug|x86.Build.0 = Debug|Win32
		{3776B164-7FAB-40FD-9D6E-F59D2CD54153}.Release|x64.ActiveCfg = Release|x64
		{3776B164-7FAB-40FD-9D6E-F59D2CD54153}.Release|x64.Build.0 = Release|x64
		{3776B164-7FAB-40FD-9D6E-F59D2CD54153}.Release|x86.ActiveCfg = Release|Win32
		{3776B164-7FAB-40FD-9D6E-F59D2CD54153}.Release|x86.Build.0 = Release|Win32
	EndGlobalSection
	GlobalSection(SolutionProperties) = preSolution
		HideSolutionNode = FALSE
	EndGlobalSection
	GlobalSection(ExtensibilityGlobals) = postSolution
		SolutionGuid = {C1CE9323-7E98-4B4D-83F0-CE5D4BCDD9BF}
	EndGlobalSection
EndGlobal
